<?xml version="1.0" encoding="utf-8"?>
<Project ToolsVersion="4.0" xmlns="http://schemas.microsoft.com/developer/msbuild/2003">
  <ItemGroup>
    <None Include="cpp-project.props" />
    <None Include=".env" />
  </ItemGroup>
  <ItemGroup>
    <ClCompile Include="src\api_entry.cpp" />
    <ClCompile Include="src\forms\boot\kernel.cpp" />
    <ClCompile Include="src\forms\terminal\app_engine.cpp" />
    <ClCompile Include="src\exceptions\error_handler.cpp" />
    <ClCompile Include="src\util\conv\converting.cpp" />
    <ClCompile Include="src\static\log_file_manager.cpp" />
    <ClCompile Include="src\util\time\time.cpp" />
    <ClCompile Include="src\forms\config\env_manager.cpp" />
    <ClCompile Include="src\forms\inputkey\keyboards_in.cpp" />
    <ClCompile Include="src\forms\terminal\myapp_window_procedure.cpp" />
    <ClCompile Include="src\app\sequence\sequencer.h" />
    <ClCompile Include="src\app\sequence\main_sequence.cpp" />
    <ClCompile Include="src\app\input\joystick.cpp" />
    <ClCompile Include="src\app\input\key_binding.cpp" />
    <ClCompile Include="src\app\sequence\develop_sequence.cpp" />
  </ItemGroup>
  <ItemGroup>
    <ClInclude Include="src\forms\boot\kernel.h" />
    <ClInclude Include="src\forms\terminal\app_engine.h" />
    <ClInclude Include="resource.h" />
    <ClInclude Include="src\exceptions\error_handler.h" />
    <ClInclude Include="src\util\conv\converting.h" />
    <ClInclude Include="src\static\log_file_manager.h" />
    <ClInclude Include="src\util\time\time.h" />
    <ClInclude Include="src\forms\config\env_manager.h" />
    <ClInclude Include="src\static\evaluations.h" />
    <ClInclude Include="src\forms\inputkey\keyboards_in.h" />
    <ClInclude Include="src\app\sequence\main_sequence.h" />
    <ClInclude Include="src\app\input\joystick.h" />
    <ClInclude Include="src\app\input\key_binding.h" />
    <ClInclude Include="src\app\input\jpbtn.h" />
    <ClInclude Include="src\static\configuration.h" />
    <ClInclude Include="src\static\universal\global_object.h" />
    <ClInclude Include="src\app\sequence\develop_sequence.h" />
  </ItemGroup>
  <ItemGroup>
    <ResourceCompile Include="r2-refined.rc" />
  </ItemGroup>
</Project>